<?xml version="1.0" encoding="utf-8"?>
<Project ToolsVersion="4.0" xmlns="http://schemas.microsoft.com/developer/msbuild/2003">
  <ItemGroup>
    <Filter Include="リソース ファイル">
      <UniqueIdentifier>{67DA6AB6-F800-4c08-8B7A-83BB121AAD01}</UniqueIdentifier>
      <Extensions>rc;ico;cur;bmp;dlg;rc2;rct;bin;rgs;gif;jpg;jpeg;jpe;resx;tiff;tif;png;wav;mfcribbon-ms</Extensions>
    </Filter>
    <Filter Include="src">
      <UniqueIdentifier>{4FC737F1-C7A5-4376-A066-2A32D752A2FF}</UniqueIdentifier>
      <Extensions>cpp;c;cc;cxx;def;odl;idl;hpj;bat;asm;asmx</Extensions>
    </Filter>
    <Filter Include="src\Engine">
      <UniqueIdentifier>{4911e164-a55a-4b91-b34b-188f8f0aa283}</UniqueIdentifier>
    </Filter>
    <Filter Include="src\User">
      <UniqueIdentifier>{fcb3cc61-d273-4408-bf78-9ef3ddaa792f}</UniqueIdentifier>
    </Filter>
    <Filter Include="src\User\Entity">
      <UniqueIdentifier>{b170046a-9cc0-4a96-9e0c-20508bdaceff}</UniqueIdentifier>
    </Filter>
    <Filter Include="src\Engine\Component">
      <UniqueIdentifier>{55d1ef7c-1222-41d6-a399-aac896af343f}</UniqueIdentifier>
    </Filter>
    <Filter Include="src\User\Scene">
      <UniqueIdentifier>{0bf6c121-8d1b-4757-b5ea-7187ca958dce}</UniqueIdentifier>
    </Filter>
  </ItemGroup>
  <ItemGroup>
    <ClInclude Include="src\Audio.h">
      <Filter>src\Engine</Filter>
    </ClInclude>
    <ClInclude Include="src\BufferObject.h">
      <Filter>src\Engine</Filter>
    </ClInclude>
    <ClInclude Include="src\Entity.h">
      <Filter>src\Engine</Filter>
    </ClInclude>
    <ClInclude Include="src\Font.h">
      <Filter>src\Engine</Filter>
    </ClInclude>
    <ClInclude Include="src\GameEngine.h">
      <Filter>src\Engine</Filter>
    </ClInclude>
    <ClInclude Include="src\GamePad.h">
      <Filter>src\Engine</Filter>
    </ClInclude>
    <ClInclude Include="src\GLFWEW.h">
      <Filter>src\Engine</Filter>
    </ClInclude>
    <ClInclude Include="src\Mesh.h">
      <Filter>src\Engine</Filter>
    </ClInclude>
    <ClInclude Include="src\OffscreenBuffer.h">
      <Filter>src\Engine</Filter>
    </ClInclude>
    <ClInclude Include="src\Shader.h">
      <Filter>src\Engine</Filter>
    </ClInclude>
    <ClInclude Include="src\Texture.h">
      <Filter>src\Engine</Filter>
    </ClInclude>
    <ClInclude Include="src\Uniform.h">
      <Filter>src\Engine</Filter>
    </ClInclude>
    <ClInclude Include="src\UniformBuffer.h">
      <Filter>src\Engine</Filter>
    </ClInclude>
    <ClInclude Include="src\user\Entity\Player.h">
      <Filter>src\User\Entity</Filter>
    </ClInclude>
    <ClInclude Include="src\user\Entity\Bullet.h">
      <Filter>src\User\Entity</Filter>
    </ClInclude>
    <ClInclude Include="src\user\Entity\Item.h">
      <Filter>src\User\Entity</Filter>
    </ClInclude>
    <ClInclude Include="src\user\Entity\Enemy.h">
      <Filter>src\User\Entity</Filter>
    </ClInclude>
    <ClInclude Include="src\user\Entity\Effect.h">
      <Filter>src\User\Entity</Filter>
    </ClInclude>
    <ClInclude Include="src\Component\CameraComponent.h">
      <Filter>src\Engine\Component</Filter>
    </ClInclude>
    <ClInclude Include="src\user\GameEndScene.h">
      <Filter>src\User\Scene</Filter>
    </ClInclude>
    <ClInclude Include="src\user\GameMainScene.h">
      <Filter>src\User\Scene</Filter>
    </ClInclude>
    <ClInclude Include="src\user\ModelLoadTestscene.h">
      <Filter>src\User\Scene</Filter>
    </ClInclude>
    <ClInclude Include="src\user\TitleScene.h">
      <Filter>src\User\Scene</Filter>
    </ClInclude>
    <ClInclude Include="src\GameState.h">
      <Filter>src\User</Filter>
    </ClInclude>
    <ClInclude Include="StageLoader.h">
      <Filter>src\User</Filter>
    </ClInclude>
    <ClInclude Include="src\Scene.h">
      <Filter>src\Engine</Filter>
    </ClInclude>
    <ClInclude Include="src\DebugLog.h">
      <Filter>src\Engine</Filter>
    </ClInclude>
    <ClInclude Include="src\user\EnemyLaunchController.h">
      <Filter>src\User</Filter>
    </ClInclude>
    <ClInclude Include="src\user\BulletManager.h">
      <Filter>src\User</Filter>
    </ClInclude>
    <ClInclude Include="LandScape.h">
      <Filter>src\User</Filter>
    </ClInclude>
    <ClInclude Include="src\user\EnemyMoveController.h">
      <Filter>src\User</Filter>
    </ClInclude>
  </ItemGroup>
  <ItemGroup>
    <ClCompile Include="src\Audio.cpp">
      <Filter>src\Engine</Filter>
    </ClCompile>
    <ClCompile Include="src\BufferObject.cpp">
      <Filter>src\Engine</Filter>
    </ClCompile>
    <ClCompile Include="src\Entity.cpp">
      <Filter>src\Engine</Filter>
    </ClCompile>
    <ClCompile Include="src\Font.cpp">
      <Filter>src\Engine</Filter>
    </ClCompile>
    <ClCompile Include="src\GameEngine.cpp">
      <Filter>src\Engine</Filter>
    </ClCompile>
    <ClCompile Include="src\GLFWEW.cpp">
      <Filter>src\Engine</Filter>
    </ClCompile>
    <ClCompile Include="src\Mesh.cpp">
      <Filter>src\Engine</Filter>
    </ClCompile>
    <ClCompile Include="src\OffscreenBuffer.cpp">
      <Filter>src\Engine</Filter>
    </ClCompile>
    <ClCompile Include="src\Shader.cpp">
      <Filter>src\Engine</Filter>
    </ClCompile>
    <ClCompile Include="src\Texture.cpp">
      <Filter>src\Engine</Filter>
    </ClCompile>
    <ClCompile Include="src\UniformBuffer.cpp">
      <Filter>src\Engine</Filter>
    </ClCompile>
    <ClCompile Include="src\user\Entity\Player.cpp">
      <Filter>src\User\Entity</Filter>
    </ClCompile>
    <ClCompile Include="src\user\Entity\Bullet.cpp">
      <Filter>src\User\Entity</Filter>
    </ClCompile>
    <ClCompile Include="src\user\Entity\Item.cpp">
      <Filter>src\User\Entity</Filter>
    </ClCompile>
    <ClCompile Include="src\user\Entity\Enemy.cpp">
      <Filter>src\User\Entity</Filter>
    </ClCompile>
    <ClCompile Include="src\user\Entity\Effect.cpp">
      <Filter>src\User\Entity</Filter>
    </ClCompile>
    <ClCompile Include="src\user\GameEndScene.cpp">
      <Filter>src\User\Scene</Filter>
    </ClCompile>
    <ClCompile Include="src\user\GameMainScene.cpp">
      <Filter>src\User\Scene</Filter>
    </ClCompile>
    <ClCompile Include="src\user\ModelLoadTestScene.cpp">
      <Filter>src\User\Scene</Filter>
    </ClCompile>
    <ClCompile Include="src\user\TitleScene.cpp">
      <Filter>src\User\Scene</Filter>
    </ClCompile>
    <ClCompile Include="src\Main.cpp">
      <Filter>src\User</Filter>
    </ClCompile>
    <ClCompile Include="src\user\StageLoader.cpp">
      <Filter>src\User</Filter>
    </ClCompile>
    <ClCompile Include="src\Scene.cpp">
      <Filter>src\Engine</Filter>
    </ClCompile>
    <ClCompile Include="src\DebugLog.cpp">
      <Filter>src\Engine</Filter>
    </ClCompile>
    <ClCompile Include="src\Component\CameraComponent.cpp">
      <Filter>src\Engine\Component</Filter>
    </ClCompile>
    <ClCompile Include="src\user\EnemyLaunchController.cpp">
      <Filter>src\User</Filter>
    </ClCompile>
    <ClCompile Include="src\user\BulletManager.cpp">
      <Filter>src\User</Filter>
    </ClCompile>
    <ClCompile Include="LandScape.cpp">
      <Filter>src\User\Entity</Filter>
    </ClCompile>
    <ClCompile Include="src\user\EnemyMoveController.cpp">
      <Filter>src\User</Filter>
    </ClCompile>
  </ItemGroup>
  <ItemGroup>
    <None Include="packages.config" />
    <None Include="Res\Tutorial.vert">
      <Filter>リソース ファイル</Filter>
    </None>
    <None Include="Res\Tutorial.frag">
      <Filter>リソース ファイル</Filter>
    </None>
    <None Include="Res\ColorFilter.frag">
      <Filter>リソース ファイル</Filter>
    </None>
    <None Include="Res\ColorFilter.vert">
      <Filter>リソース ファイル</Filter>
    </None>
    <None Include="Res\posterization.frag">
      <Filter>リソース ファイル</Filter>
    </None>
    <None Include="Res\posterization.vert">
      <Filter>リソース ファイル</Filter>
    </None>
    <None Include="Res\Font.frag">
      <Filter>リソース ファイル</Filter>
    </None>
    <None Include="Res\Font.vert">
      <Filter>リソース ファイル</Filter>
    </None>
    <None Include="Res\NonLighting.vert">
      <Filter>リソース ファイル</Filter>
    </None>
    <None Include="Res\NonLighting.frag">
      <Filter>リソース ファイル</Filter>
    </None>
    <None Include="Res\TexCoord.vert">
      <Filter>リソース ファイル</Filter>
    </None>
    <None Include="Res\Shrink.frag">
      <Filter>リソース ファイル</Filter>
    </None>
    <None Include="Res\Blur3x3.frag">
      <Filter>リソース ファイル</Filter>
    </None>
    <None Include="Res\HiLumExtract.frag">
      <Filter>リソース ファイル</Filter>
    </None>
    <None Include="Res\RenderDepth.vert">
      <Filter>リソース ファイル</Filter>
    </None>
    <None Include="Res\RenderDepth.frag">
      <Filter>リソース ファイル</Filter>
    </None>
    <None Include="Res\ViewDepth.vert">
      <Filter>リソース ファイル</Filter>
    </None>
    <None Include="Res\ViewDepth.frag">
      <Filter>リソース ファイル</Filter>
    </None>
    <None Include="Res\RenderStencil.frag">
      <Filter>リソース ファイル</Filter>
    </None>
    <None Include="Res\RenderStencil.vert">
      <Filter>リソース ファイル</Filter>
    </None>
  </ItemGroup>
</Project>