<?xml version="1.0" encoding="utf-8"?>
<Project ToolsVersion="4.0" xmlns="http://schemas.microsoft.com/developer/msbuild/2003">
  <ItemGroup>
    <ClCompile Include="src\Engine\GameEngine.cpp">
      <Filter>Engine</Filter>
    </ClCompile>
    <ClCompile Include="src\Engine\Audio.cpp">
      <Filter>Engine</Filter>
    </ClCompile>
    <ClCompile Include="src\Engine\Billbord.cpp">
      <Filter>Engine</Filter>
    </ClCompile>
    <ClCompile Include="src\Engine\BufferObject.cpp">
      <Filter>Engine</Filter>
    </ClCompile>
    <ClCompile Include="src\Component\CameraComponent.cpp">
      <Filter>Engine</Filter>
    </ClCompile>
    <ClCompile Include="src\Engine\Entity.cpp">
      <Filter>Engine</Filter>
    </ClCompile>
    <ClCompile Include="src\Engine\Font.cpp">
      <Filter>Engine</Filter>
    </ClCompile>
    <ClCompile Include="src\Engine\GLFWEW.cpp">
      <Filter>Engine</Filter>
    </ClCompile>
    <ClCompile Include="src\Engine\Mesh.cpp">
      <Filter>Engine</Filter>
    </ClCompile>
    <ClCompile Include="src\Engine\OffscreenBuffer.cpp">
      <Filter>Engine</Filter>
    </ClCompile>
    <ClCompile Include="src\Engine\Scene.cpp">
      <Filter>Engine</Filter>
    </ClCompile>
    <ClCompile Include="src\Engine\Shader.cpp">
      <Filter>Engine</Filter>
    </ClCompile>
    <ClCompile Include="src\Engine\Texture.cpp">
      <Filter>Engine</Filter>
    </ClCompile>
    <ClCompile Include="src\Engine\UniformBuffer.cpp">
      <Filter>Engine</Filter>
    </ClCompile>
    <ClCompile Include="src\user\BulletGenerator.cpp">
      <Filter>User</Filter>
    </ClCompile>
    <ClCompile Include="src\user\EnemyLaunchController.cpp">
      <Filter>User</Filter>
    </ClCompile>
    <ClCompile Include="src\user\EnemyMoveController.cpp">
      <Filter>User</Filter>
    </ClCompile>
    <ClCompile Include="src\Main.cpp">
      <Filter>User</Filter>
    </ClCompile>
    <ClCompile Include="src\user\GameEndScene.cpp">
      <Filter>User\Scene</Filter>
    </ClCompile>
    <ClCompile Include="src\user\GameMainScene.cpp">
      <Filter>User\Scene</Filter>
    </ClCompile>
    <ClCompile Include="src\user\ModelLoadTestScene.cpp">
      <Filter>User\Scene</Filter>
    </ClCompile>
    <ClCompile Include="src\user\TitleScene.cpp">
      <Filter>User\Scene</Filter>
    </ClCompile>
    <ClCompile Include="src\user\Entity\Bullet.cpp">
      <Filter>User\Entity</Filter>
    </ClCompile>
    <ClCompile Include="src\user\Entity\Effect.cpp">
      <Filter>User\Entity</Filter>
    </ClCompile>
    <ClCompile Include="src\user\Entity\Item.cpp">
      <Filter>User\Entity</Filter>
    </ClCompile>
    <ClCompile Include="src\user\Entity\Player.cpp">
      <Filter>User\Entity</Filter>
    </ClCompile>
    <ClCompile Include="src\user\Entity\Enemy.cpp">
      <Filter>User\Entity</Filter>
    </ClCompile>
    <ClCompile Include="src\Engine\Sprite.cpp">
      <Filter>Engine</Filter>
    </ClCompile>
    <ClCompile Include="src\user\Entity\EnemySpawner.cpp">
      <Filter>User\Entity</Filter>
    </ClCompile>
  </ItemGroup>
  <ItemGroup>
    <ClInclude Include="src\Engine\GameEngine.h">
      <Filter>Engine</Filter>
    </ClInclude>
    <ClInclude Include="src\Engine\Audio.h">
      <Filter>Engine</Filter>
    </ClInclude>
    <ClInclude Include="src\Engine\Billboard.h">
      <Filter>Engine</Filter>
    </ClInclude>
    <ClInclude Include="src\Engine\BufferObject.h">
      <Filter>Engine</Filter>
    </ClInclude>
    <ClInclude Include="src\Component\CameraComponent.h">
      <Filter>Engine</Filter>
    </ClInclude>
    <ClInclude Include="src\Engine\Entity.h">
      <Filter>Engine</Filter>
    </ClInclude>
    <ClInclude Include="src\Engine\Font.h">
      <Filter>Engine</Filter>
    </ClInclude>
    <ClInclude Include="src\Engine\GamePad.h">
      <Filter>Engine</Filter>
    </ClInclude>
    <ClInclude Include="src\Engine\GLFWEW.h">
      <Filter>Engine</Filter>
    </ClInclude>
    <ClInclude Include="src\Engine\Mesh.h">
      <Filter>Engine</Filter>
    </ClInclude>
    <ClInclude Include="src\Engine\OffscreenBuffer.h">
      <Filter>Engine</Filter>
    </ClInclude>
    <ClInclude Include="src\Engine\Scene.h">
      <Filter>Engine</Filter>
    </ClInclude>
    <ClInclude Include="src\Engine\Shader.h">
      <Filter>Engine</Filter>
    </ClInclude>
    <ClInclude Include="src\Engine\Texture.h">
      <Filter>Engine</Filter>
    </ClInclude>
    <ClInclude Include="src\Engine\UniformBuffer.h">
      <Filter>Engine</Filter>
    </ClInclude>
    <ClInclude Include="src\Engine\Uniform.h">
      <Filter>Engine</Filter>
    </ClInclude>
    <ClInclude Include="src\user\BulletGenerator.h">
      <Filter>User</Filter>
    </ClInclude>
    <ClInclude Include="src\user\EnemyLaunchController.h">
      <Filter>User</Filter>
    </ClInclude>
    <ClInclude Include="src\user\EnemyMoveController.h">
      <Filter>User</Filter>
    </ClInclude>
    <ClInclude Include="src\GameState.h">
      <Filter>User</Filter>
    </ClInclude>
    <ClInclude Include="src\user\GameEndScene.h">
      <Filter>User\Scene</Filter>
    </ClInclude>
    <ClInclude Include="src\user\GameMainScene.h">
      <Filter>User\Scene</Filter>
    </ClInclude>
    <ClInclude Include="src\user\ModelLoadTestscene.h">
      <Filter>User\Scene</Filter>
    </ClInclude>
    <ClInclude Include="src\user\TitleScene.h">
      <Filter>User\Scene</Filter>
    </ClInclude>
    <ClInclude Include="src\user\Entity\Bullet.h">
      <Filter>User\Entity</Filter>
    </ClInclude>
    <ClInclude Include="src\user\Entity\Effect.h">
      <Filter>User\Entity</Filter>
    </ClInclude>
    <ClInclude Include="src\user\Entity\Item.h">
      <Filter>User\Entity</Filter>
    </ClInclude>
    <ClInclude Include="src\user\Entity\Player.h">
      <Filter>User\Entity</Filter>
    </ClInclude>
    <ClInclude Include="src\user\Entity\Enemy.h">
      <Filter>User\Entity</Filter>
    </ClInclude>
    <ClInclude Include="src\Engine\Sprite.h">
      <Filter>Engine</Filter>
    </ClInclude>
    <ClInclude Include="Res\Resource.h">
      <Filter>Res</Filter>
    </ClInclude>
    <ClInclude Include="src\user\Entity\EnemySpawner.h">
      <Filter>User\Entity</Filter>
    </ClInclude>
  </ItemGroup>
  <ItemGroup>
    <None Include="packages.config">
      <Filter>User</Filter>
    </None>
    <None Include="Res\Shader\Blur3x3.frag">
      <Filter>Res</Filter>
    </None>
    <None Include="Res\Shader\ColorFilter.frag">
      <Filter>Res</Filter>
    </None>
    <None Include="Res\Shader\ColorFilter.vert">
      <Filter>Res</Filter>
    </None>
    <None Include="Res\Shader\ColorFilter3x3.frag">
      <Filter>Res</Filter>
    </None>
    <None Include="Res\Shader\Font.frag">
      <Filter>Res</Filter>
    </None>
    <None Include="Res\Shader\Font.vert">
      <Filter>Res</Filter>
    </None>
    <None Include="Res\Shader\HiLumExtract.frag">
      <Filter>Res</Filter>
    </None>
    <None Include="Res\Shader\NonLighting.frag">
      <Filter>Res</Filter>
    </None>
    <None Include="Res\Shader\NonLighting.vert">
      <Filter>Res</Filter>
    </None>
    <None Include="Res\Shader\posterization.frag">
      <Filter>Res</Filter>
    </None>
    <None Include="Res\Shader\posterization.vert">
      <Filter>Res</Filter>
    </None>
    <None Include="Res\Shader\RenderDepth.frag">
      <Filter>Res</Filter>
    </None>
    <None Include="Res\Shader\RenderDepth.vert">
      <Filter>Res</Filter>
    </None>
    <None Include="Res\Shader\RenderStencil.frag">
      <Filter>Res</Filter>
    </None>
    <None Include="Res\Shader\RenderStencil.vert">
      <Filter>Res</Filter>
    </None>
    <None Include="Res\Shader\Shrink.frag">
      <Filter>Res</Filter>
    </None>
    <None Include="Res\Shader\TexCoord.vert">
      <Filter>Res</Filter>
    </None>
    <None Include="Res\Shader\Tutorial.frag">
      <Filter>Res</Filter>
    </None>
    <None Include="Res\Shader\Tutorial.vert">
      <Filter>Res</Filter>
    </None>
    <None Include="Res\Shader\Sprite.vert">
      <Filter>Res</Filter>
    </None>
    <None Include="Res\Shader\Sprite.frag">
      <Filter>Res</Filter>
    </None>
    <None Include="Res\Shader\HealthGauge.frag">
      <Filter>Res</Filter>
    </None>
    <None Include="Res\Shader\HealthGauge.vert">
      <Filter>Res</Filter>
    </None>
  </ItemGroup>
  <ItemGroup>
    <Filter Include="Engine">
      <UniqueIdentifier>{0241b156-ce29-4471-8498-57472425a5e5}</UniqueIdentifier>
    </Filter>
    <Filter Include="User">
      <UniqueIdentifier>{7d83d62b-71e7-4f97-a84e-dbfbda75b60e}</UniqueIdentifier>
    </Filter>
    <Filter Include="Res">
      <UniqueIdentifier>{9c39fec3-9dda-48c8-9d05-753bc6cce0de}</UniqueIdentifier>
    </Filter>
    <Filter Include="User\Scene">
      <UniqueIdentifier>{e7d56931-fae0-4024-aad8-b02a4444568f}</UniqueIdentifier>
    </Filter>
    <Filter Include="User\Entity">
      <UniqueIdentifier>{45640920-7077-4ec7-8585-e56d8f693583}</UniqueIdentifier>
    </Filter>
  </ItemGroup>
</Project>